Microsoft Visual Studio Solution File, Format Version 12.00
# Visual Studio Version 17
VisualStudioVersion = 17.0.31903.59
MinimumVisualStudioVersion = 10.0.40219.1
Project("{FAE04EC0-301F-11D3-BF4B-00C04F79EFBC}") = "Godot", "common\Godot\Godot.csproj", "{9BF57553-ECCB-479D-B9C3-5D9CBA947125}"
EndProject
Project("{FAE04EC0-301F-11D3-BF4B-00C04F79EFBC}") = "Godot.Tests", "common\Godot.Tests\Godot.Tests.csproj", "{66A47BD8-5195-41FC-956A-C06D28D871E7}"
EndProject
Global
	GlobalSection(SolutionConfigurationPlatforms) = preSolution
		Debug|Any CPU = Debug|Any CPU
		Release|Any CPU = Release|Any CPU
	EndGlobalSection
	GlobalSection(ProjectConfigurationPlatforms) = postSolution
		{9BF57553-ECCB-479D-B9C3-5D9CBA947125}.Debug|Any CPU.ActiveCfg = Debug|Any CPU
		{9BF57553-ECCB-479D-B9C3-5D9CBA947125}.Debug|Any CPU.Build.0 = Debug|Any CPU
		{9BF57553-ECCB-479D-B9C3-5D9CBA947125}.Release|Any CPU.ActiveCfg = Release|Any CPU
		{9BF57553-ECCB-479D-B9C3-5D9CBA947125}.Release|Any CPU.Build.0 = Release|Any CPU
		{66A47BD8-5195-41FC-956A-C06D28D871E7}.Debug|Any CPU.ActiveCfg = Debug|Any CPU
		{66A47BD8-5195-41FC-956A-C06D28D871E7}.Debug|Any CPU.Build.0 = Debug|Any CPU
		{66A47BD8-5195-41FC-956A-C06D28D871E7}.Release|Any CPU.ActiveCfg = Release|Any CPU
		{66A47BD8-5195-41FC-956A-C06D28D871E7}.Release|Any CPU.Build.0 = Release|Any CPU
	EndGlobalSection
EndGlobal
